
Microsoft Visual Studio Solution File, Format Version 12.00
# Visual Studio 2012
Project("{FAE04EC0-301F-11D3-BF4B-00C04F79EFBC}") = "Team1-Workshop4-Part2", "Team1-Workshop4-Part2\Team1-Workshop4-Part2.csproj", "{15969EFE-146C-4B93-A407-689F8D1CEB7D}"
EndProject
Global
	GlobalSection(SolutionConfigurationPlatforms) = preSolution
		Debug|Any CPU = Debug|Any CPU
		Release|Any CPU = Release|Any CPU
	EndGlobalSection
	GlobalSection(ProjectConfigurationPlatforms) = postSolution
		{15969EFE-146C-4B93-A407-689F8D1CEB7D}.Debug|Any CPU.ActiveCfg = Debug|Any CPU
		{15969EFE-146C-4B93-A407-689F8D1CEB7D}.Debug|Any CPU.Build.0 = Debug|Any CPU
		{15969EFE-146C-4B93-A407-689F8D1CEB7D}.Release|Any CPU.ActiveCfg = Release|Any CPU
		{15969EFE-146C-4B93-A407-689F8D1CEB7D}.Release|Any CPU.Build.0 = Release|Any CPU
	EndGlobalSection
	GlobalSection(SolutionProperties) = preSolution
		HideSolutionNode = FALSE
	EndGlobalSection
EndGlobal
